
Microsoft Visual Studio Solution File, Format Version 12.00
# Visual Studio Version 16
VisualStudioVersion = 16.0.30413.136
MinimumVisualStudioVersion = 10.0.40219.1
Project("{FAE04EC0-301F-11D3-BF4B-00C04F79EFBC}") = "BlogMvc", "BlogMvc\BlogMvc.csproj", "{697D8D4E-3AAD-4405-8301-8E7C4F6E2407}"
EndProject
Global
	GlobalSection(SolutionConfigurationPlatforms) = preSolution
		Debug|Any CPU = Debug|Any CPU
		Release|Any CPU = Release|Any CPU
	EndGlobalSection
	GlobalSection(ProjectConfigurationPlatforms) = postSolution
		{697D8D4E-3AAD-4405-8301-8E7C4F6E2407}.Debug|Any CPU.ActiveCfg = Debug|Any CPU
		{697D8D4E-3AAD-4405-8301-8E7C4F6E2407}.Debug|Any CPU.Build.0 = Debug|Any CPU
		{697D8D4E-3AAD-4405-8301-8E7C4F6E2407}.Release|Any CPU.ActiveCfg = Release|Any CPU
		{697D8D4E-3AAD-4405-8301-8E7C4F6E2407}.Release|Any CPU.Build.0 = Release|Any CPU
	EndGlobalSection
	GlobalSection(SolutionProperties) = preSolution
		HideSolutionNode = FALSE
	EndGlobalSection
	GlobalSection(ExtensibilityGlobals) = postSolution
		SolutionGuid = {823EE575-833B-419B-99E5-6BBE59356EBE}
	EndGlobalSection
EndGlobal
